
Microsoft Visual Studio Solution File, Format Version 12.00
# Visual Studio Version 17
VisualStudioVersion = 17.1.32328.378
MinimumVisualStudioVersion = 10.0.40219.1
Project("{9A19103F-16F7-4668-BE54-9A1E7A4F7556}") = "TramScheduleData", "TramScheduleData\TramScheduleData.csproj", "{F3C127C6-7CD9-4328-91AD-B6D4FAE62DA9}"
EndProject
Project("{9A19103F-16F7-4668-BE54-9A1E7A4F7556}") = "TramScheduleLogic", "TramScheduleLogic\TramScheduleLogic.csproj", "{996AE75C-D22E-4552-B86A-FB7D7834540C}"
EndProject
Project("{9A19103F-16F7-4668-BE54-9A1E7A4F7556}") = "GUI", "GUI\GUI.csproj", "{0E46139E-A29F-49D2-8684-BD8C544C5A0E}"
EndProject
Project("{9A19103F-16F7-4668-BE54-9A1E7A4F7556}") = "TramScheduleTests", "TramScheduleTests\TramScheduleTests.csproj", "{C637A579-7B9E-40C5-8169-EB9277F1ADC8}"
EndProject
Global
	GlobalSection(SolutionConfigurationPlatforms) = preSolution
		Debug|Any CPU = Debug|Any CPU
		Debug|ARM = Debug|ARM
		Debug|ARM64 = Debug|ARM64
		Debug|x64 = Debug|x64
		Debug|x86 = Debug|x86
		Release|Any CPU = Release|Any CPU
		Release|ARM = Release|ARM
		Release|ARM64 = Release|ARM64
		Release|x64 = Release|x64
		Release|x86 = Release|x86
	EndGlobalSection
	GlobalSection(ProjectConfigurationPlatforms) = postSolution
		{F3C127C6-7CD9-4328-91AD-B6D4FAE62DA9}.Debug|Any CPU.ActiveCfg = Debug|Any CPU
		{F3C127C6-7CD9-4328-91AD-B6D4FAE62DA9}.Debug|Any CPU.Build.0 = Debug|Any CPU
		{F3C127C6-7CD9-4328-91AD-B6D4FAE62DA9}.Debug|ARM.ActiveCfg = Debug|Any CPU
		{F3C127C6-7CD9-4328-91AD-B6D4FAE62DA9}.Debug|ARM.Build.0 = Debug|Any CPU
		{F3C127C6-7CD9-4328-91AD-B6D4FAE62DA9}.Debug|ARM64.ActiveCfg = Debug|Any CPU
		{F3C127C6-7CD9-4328-91AD-B6D4FAE62DA9}.Debug|ARM64.Build.0 = Debug|Any CPU
		{F3C127C6-7CD9-4328-91AD-B6D4FAE62DA9}.Debug|x64.ActiveCfg = Debug|Any CPU
		{F3C127C6-7CD9-4328-91AD-B6D4FAE62DA9}.Debug|x64.Build.0 = Debug|Any CPU
		{F3C127C6-7CD9-4328-91AD-B6D4FAE62DA9}.Debug|x86.ActiveCfg = Debug|Any CPU
		{F3C127C6-7CD9-4328-91AD-B6D4FAE62DA9}.Debug|x86.Build.0 = Debug|Any CPU
		{F3C127C6-7CD9-4328-91AD-B6D4FAE62DA9}.Release|Any CPU.ActiveCfg = Release|Any CPU
		{F3C127C6-7CD9-4328-91AD-B6D4FAE62DA9}.Release|Any CPU.Build.0 = Release|Any CPU
		{F3C127C6-7CD9-4328-91AD-B6D4FAE62DA9}.Release|ARM.ActiveCfg = Release|Any CPU
		{F3C127C6-7CD9-4328-91AD-B6D4FAE62DA9}.Release|ARM.Build.0 = Release|Any CPU
		{F3C127C6-7CD9-4328-91AD-B6D4FAE62DA9}.Release|ARM64.ActiveCfg = Release|Any CPU
		{F3C127C6-7CD9-4328-91AD-B6D4FAE62DA9}.Release|ARM64.Build.0 = Release|Any CPU
		{F3C127C6-7CD9-4328-91AD-B6D4FAE62DA9}.Release|x64.ActiveCfg = Release|Any CPU
		{F3C127C6-7CD9-4328-91AD-B6D4FAE62DA9}.Release|x64.Build.0 = Release|Any CPU
		{F3C127C6-7CD9-4328-91AD-B6D4FAE62DA9}.Release|x86.ActiveCfg = Release|Any CPU
		{F3C127C6-7CD9-4328-91AD-B6D4FAE62DA9}.Release|x86.Build.0 = Release|Any CPU
		{996AE75C-D22E-4552-B86A-FB7D7834540C}.Debug|Any CPU.ActiveCfg = Debug|Any CPU
		{996AE75C-D22E-4552-B86A-FB7D7834540C}.Debug|Any CPU.Build.0 = Debug|Any CPU
		{996AE75C-D22E-4552-B86A-FB7D7834540C}.Debug|ARM.ActiveCfg = Debug|Any CPU
		{996AE75C-D22E-4552-B86A-FB7D7834540C}.Debug|ARM.Build.0 = Debug|Any CPU
		{996AE75C-D22E-4552-B86A-FB7D7834540C}.Debug|ARM64.ActiveCfg = Debug|Any CPU
		{996AE75C-D22E-4552-B86A-FB7D7834540C}.Debug|ARM64.Build.0 = Debug|Any CPU
		{996AE75C-D22E-4552-B86A-FB7D7834540C}.Debug|x64.ActiveCfg = Debug|Any CPU
		{996AE75C-D22E-4552-B86A-FB7D7834540C}.Debug|x64.Build.0 = Debug|Any CPU
		{996AE75C-D22E-4552-B86A-FB7D7834540C}.Debug|x86.ActiveCfg = Debug|Any CPU
		{996AE75C-D22E-4552-B86A-FB7D7834540C}.Debug|x86.Build.0 = Debug|Any CPU
		{996AE75C-D22E-4552-B86A-FB7D7834540C}.Release|Any CPU.ActiveCfg = Release|Any CPU
		{996AE75C-D22E-4552-B86A-FB7D7834540C}.Release|Any CPU.Build.0 = Release|Any CPU
		{996AE75C-D22E-4552-B86A-FB7D7834540C}.Release|ARM.ActiveCfg = Release|Any CPU
		{996AE75C-D22E-4552-B86A-FB7D7834540C}.Release|ARM.Build.0 = Release|Any CPU
		{996AE75C-D22E-4552-B86A-FB7D7834540C}.Release|ARM64.ActiveCfg = Release|Any CPU
		{996AE75C-D22E-4552-B86A-FB7D7834540C}.Release|ARM64.Build.0 = Release|Any CPU
		{996AE75C-D22E-4552-B86A-FB7D7834540C}.Release|x64.ActiveCfg = Release|Any CPU
		{996AE75C-D22E-4552-B86A-FB7D7834540C}.Release|x64.Build.0 = Release|Any CPU
		{996AE75C-D22E-4552-B86A-FB7D7834540C}.Release|x86.ActiveCfg = Release|Any CPU
		{996AE75C-D22E-4552-B86A-FB7D7834540C}.Release|x86.Build.0 = Release|Any CPU
		{0E46139E-A29F-49D2-8684-BD8C544C5A0E}.Debug|Any CPU.ActiveCfg = Debug|Any CPU
		{0E46139E-A29F-49D2-8684-BD8C544C5A0E}.Debug|Any CPU.Build.0 = Debug|Any CPU
		{0E46139E-A29F-49D2-8684-BD8C544C5A0E}.Debug|ARM.ActiveCfg = Debug|Any CPU
		{0E46139E-A29F-49D2-8684-BD8C544C5A0E}.Debug|ARM.Build.0 = Debug|Any CPU
		{0E46139E-A29F-49D2-8684-BD8C544C5A0E}.Debug|ARM64.ActiveCfg = Debug|Any CPU
		{0E46139E-A29F-49D2-8684-BD8C544C5A0E}.Debug|ARM64.Build.0 = Debug|Any CPU
		{0E46139E-A29F-49D2-8684-BD8C544C5A0E}.Debug|x64.ActiveCfg = Debug|Any CPU
		{0E46139E-A29F-49D2-8684-BD8C544C5A0E}.Debug|x64.Build.0 = Debug|Any CPU
		{0E46139E-A29F-49D2-8684-BD8C544C5A0E}.Debug|x86.ActiveCfg = Debug|Any CPU
		{0E46139E-A29F-49D2-8684-BD8C544C5A0E}.Debug|x86.Build.0 = Debug|Any CPU
		{0E46139E-A29F-49D2-8684-BD8C544C5A0E}.Release|Any CPU.ActiveCfg = Release|Any CPU
		{0E46139E-A29F-49D2-8684-BD8C544C5A0E}.Release|Any CPU.Build.0 = Release|Any CPU
		{0E46139E-A29F-49D2-8684-BD8C544C5A0E}.Release|ARM.ActiveCfg = Release|Any CPU
		{0E46139E-A29F-49D2-8684-BD8C544C5A0E}.Release|ARM.Build.0 = Release|Any CPU
		{0E46139E-A29F-49D2-8684-BD8C544C5A0E}.Release|ARM64.ActiveCfg = Release|Any CPU
		{0E46139E-A29F-49D2-8684-BD8C544C5A0E}.Release|ARM64.Build.0 = Release|Any CPU
		{0E46139E-A29F-49D2-8684-BD8C544C5A0E}.Release|x64.ActiveCfg = Release|Any CPU
		{0E46139E-A29F-49D2-8684-BD8C544C5A0E}.Release|x64.Build.0 = Release|Any CPU
		{0E46139E-A29F-49D2-8684-BD8C544C5A0E}.Release|x86.ActiveCfg = Release|Any CPU
		{0E46139E-A29F-49D2-8684-BD8C544C5A0E}.Release|x86.Build.0 = Release|Any CPU
		{C637A579-7B9E-40C5-8169-EB9277F1ADC8}.Debug|Any CPU.ActiveCfg = Debug|Any CPU
		{C637A579-7B9E-40C5-8169-EB9277F1ADC8}.Debug|Any CPU.Build.0 = Debug|Any CPU
		{C637A579-7B9E-40C5-8169-EB9277F1ADC8}.Debug|ARM.ActiveCfg = Debug|Any CPU
		{C637A579-7B9E-40C5-8169-EB9277F1ADC8}.Debug|ARM.Build.0 = Debug|Any CPU
		{C637A579-7B9E-40C5-8169-EB9277F1ADC8}.Debug|ARM64.ActiveCfg = Debug|Any CPU
		{C637A579-7B9E-40C5-8169-EB9277F1ADC8}.Debug|ARM64.Build.0 = Debug|Any CPU
		{C637A579-7B9E-40C5-8169-EB9277F1ADC8}.Debug|x64.ActiveCfg = Debug|Any CPU
		{C637A579-7B9E-40C5-8169-EB9277F1ADC8}.Debug|x64.Build.0 = Debug|Any CPU
		{C637A579-7B9E-40C5-8169-EB9277F1ADC8}.Debug|x86.ActiveCfg = Debug|Any CPU
		{C637A579-7B9E-40C5-8169-EB9277F1ADC8}.Debug|x86.Build.0 = Debug|Any CPU
		{C637A579-7B9E-40C5-8169-EB9277F1ADC8}.Release|Any CPU.ActiveCfg = Release|Any CPU
		{C637A579-7B9E-40C5-8169-EB9277F1ADC8}.Release|Any CPU.Build.0 = Release|Any CPU
		{C637A579-7B9E-40C5-8169-EB9277F1ADC8}.Release|ARM.ActiveCfg = Release|Any CPU
		{C637A579-7B9E-40C5-8169-EB9277F1ADC8}.Release|ARM.Build.0 = Release|Any CPU
		{C637A579-7B9E-40C5-8169-EB9277F1ADC8}.Release|ARM64.ActiveCfg = Release|Any CPU
		{C637A579-7B9E-40C5-8169-EB9277F1ADC8}.Release|ARM64.Build.0 = Release|Any CPU
		{C637A579-7B9E-40C5-8169-EB9277F1ADC8}.Release|x64.ActiveCfg = Release|Any CPU
		{C637A579-7B9E-40C5-8169-EB9277F1ADC8}.Release|x64.Build.0 = Release|Any CPU
		{C637A579-7B9E-40C5-8169-EB9277F1ADC8}.Release|x86.ActiveCfg = Release|Any CPU
		{C637A579-7B9E-40C5-8169-EB9277F1ADC8}.Release|x86.Build.0 = Release|Any CPU
	EndGlobalSection
	GlobalSection(SolutionProperties) = preSolution
		HideSolutionNode = FALSE
	EndGlobalSection
	GlobalSection(ExtensibilityGlobals) = postSolution
		SolutionGuid = {123BBAA2-2D54-4E4F-BCD7-E4B614969394}
	EndGlobalSection
EndGlobal
